
Microsoft Visual Studio Solution File, Format Version 12.00
# Visual Studio Version 16
VisualStudioVersion = 16.0.33529.622
MinimumVisualStudioVersion = 10.0.40219.1
Project("{FAE04EC0-301F-11D3-BF4B-00C04F79EFBC}") = "RelaxingMusic AdminApp", "Blissful_Music_Admin\RelaxingMusic AdminApp.csproj", "{CB155A53-303F-4A4B-986B-8FFADBB1A4FB}"
EndProject
Global
	GlobalSection(SolutionConfigurationPlatforms) = preSolution
		Debug|Any CPU = Debug|Any CPU
		Release|Any CPU = Release|Any CPU
	EndGlobalSection
	GlobalSection(ProjectConfigurationPlatforms) = postSolution
		{CB155A53-303F-4A4B-986B-8FFADBB1A4FB}.Debug|Any CPU.ActiveCfg = Debug|Any CPU
		{CB155A53-303F-4A4B-986B-8FFADBB1A4FB}.Debug|Any CPU.Build.0 = Debug|Any CPU
		{CB155A53-303F-4A4B-986B-8FFADBB1A4FB}.Release|Any CPU.ActiveCfg = Release|Any CPU
		{CB155A53-303F-4A4B-986B-8FFADBB1A4FB}.Release|Any CPU.Build.0 = Release|Any CPU
	EndGlobalSection
	GlobalSection(SolutionProperties) = preSolution
		HideSolutionNode = FALSE
	EndGlobalSection
	GlobalSection(ExtensibilityGlobals) = postSolution
		SolutionGuid = {22A205C3-5FF0-4BA8-B61A-68578F9802CA}
	EndGlobalSection
EndGlobal
